
Microsoft Visual Studio Solution File, Format Version 12.00
# Visual Studio 15
VisualStudioVersion = 15.0.28307.1209
MinimumVisualStudioVersion = 10.0.40219.1
Project("{8BC9CEB8-8B4A-11D0-8D11-00A0C91BC942}") = "ddelements", "ddelements\ddelements.vcxproj", "{BA08073E-F0B1-44AD-8E3C-0314178A9521}"
EndProject
Global
	GlobalSection(SolutionConfigurationPlatforms) = preSolution
		Debug|x64 = Debug|x64
		Debug|x86 = Debug|x86
		Release|x64 = Release|x64
		Release|x86 = Release|x86
	EndGlobalSection
	GlobalSection(ProjectConfigurationPlatforms) = postSolution
		{BA08073E-F0B1-44AD-8E3C-0314178A9521}.Debug|x64.ActiveCfg = Debug|x64
		{BA08073E-F0B1-44AD-8E3C-0314178A9521}.Debug|x64.Build.0 = Debug|x64
		{BA08073E-F0B1-44AD-8E3C-0314178A9521}.Debug|x86.ActiveCfg = Debug|Win32
		{BA08073E-F0B1-44AD-8E3C-0314178A9521}.Debug|x86.Build.0 = Debug|Win32
		{BA08073E-F0B1-44AD-8E3C-0314178A9521}.Release|x64.ActiveCfg = Release|x64
		{BA08073E-F0B1-44AD-8E3C-0314178A9521}.Release|x64.Build.0 = Release|x64
		{BA08073E-F0B1-44AD-8E3C-0314178A9521}.Release|x86.ActiveCfg = Release|Win32
		{BA08073E-F0B1-44AD-8E3C-0314178A9521}.Release|x86.Build.0 = Release|Win32
	EndGlobalSection
	GlobalSection(SolutionProperties) = preSolution
		HideSolutionNode = FALSE
	EndGlobalSection
	GlobalSection(ExtensibilityGlobals) = postSolution
		SolutionGuid = {D9CABB22-483A-4F96-8F8D-28036BCC158B}
	EndGlobalSection
EndGlobal
